// !$*UTF8*$!
{
	archiveVersion = 1;
	classes = {
	};
	objectVersion = 46;
	objects = {

/* Begin PBXBuildFile section */
		161BB19F1E923E9B00EA9682 /* AppDelegate.swift in Sources */ = {isa = PBXBuildFile; fileRef = 161BB19E1E923E9B00EA9682 /* AppDelegate.swift */; };
		161BB1A11E923E9B00EA9682 /* ViewController.swift in Sources */ = {isa = PBXBuildFile; fileRef = 161BB1A01E923E9B00EA9682 /* ViewController.swift */; };
		161BB1A41E923E9B00EA9682 /* Main.storyboard in Resources */ = {isa = PBXBuildFile; fileRef = 161BB1A21E923E9B00EA9682 /* Main.storyboard */; };
		161BB1A61E923E9B00EA9682 /* Assets.xcassets in Resources */ = {isa = PBXBuildFile; fileRef = 161BB1A51E923E9B00EA9682 /* Assets.xcassets */; };
		161BB1A91E923E9C00EA9682 /* LaunchScreen.storyboard in Resources */ = {isa = PBXBuildFile; fileRef = 161BB1A71E923E9C00EA9682 /* LaunchScreen.storyboard */; };
		161BB1B11E92401A00EA9682 /* LoginViewController.swift in Sources */ = {isa = PBXBuildFile; fileRef = 161BB1B01E92401A00EA9682 /* LoginViewController.swift */; };
		161BB1B31E92403E00EA9682 /* HomeViewController.swift in Sources */ = {isa = PBXBuildFile; fileRef = 161BB1B21E92403E00EA9682 /* HomeViewController.swift */; };
		161BB1B51E92406700EA9682 /* ImageSelectViewController.swift in Sources */ = {isa = PBXBuildFile; fileRef = 161BB1B41E92406700EA9682 /* ImageSelectViewController.swift */; };
		161BB1B71E92407C00EA9682 /* PostViewController.swift in Sources */ = {isa = PBXBuildFile; fileRef = 161BB1B61E92407C00EA9682 /* PostViewController.swift */; };
		161BB1B91E92408B00EA9682 /* SettingViewController.swift in Sources */ = {isa = PBXBuildFile; fileRef = 161BB1B81E92408B00EA9682 /* SettingViewController.swift */; };
		16293EE71E95EBD3006C8D49 /* PostTableViewCell.swift in Sources */ = {isa = PBXBuildFile; fileRef = 16293EE51E95EBD3006C8D49 /* PostTableViewCell.swift */; };
		16293EE81E95EBD3006C8D49 /* PostTableViewCell.xib in Resources */ = {isa = PBXBuildFile; fileRef = 16293EE61E95EBD3006C8D49 /* PostTableViewCell.xib */; };
		16CCF0CE1E9274D2001D6081 /* GoogleService-Info.plist in Resources */ = {isa = PBXBuildFile; fileRef = 16CCF0CD1E9274D2001D6081 /* GoogleService-Info.plist */; };
		16ED599A1E938CE2009D1036 /* AdobeCreativeSDKCore.framework in Frameworks */ = {isa = PBXBuildFile; fileRef = 16ED59981E938CE2009D1036 /* AdobeCreativeSDKCore.framework */; };
		16ED599D1E938D0D009D1036 /* AdobeCreativeSDKCore.framework in Embed Frameworks */ = {isa = PBXBuildFile; fileRef = 16ED59981E938CE2009D1036 /* AdobeCreativeSDKCore.framework */; settings = {ATTRIBUTES = (CodeSignOnCopy, RemoveHeadersOnCopy, ); }; };
		16ED599E1E938D0D009D1036 /* AdobeCreativeSDKImage.framework in Frameworks */ = {isa = PBXBuildFile; fileRef = 16ED59991E938CE2009D1036 /* AdobeCreativeSDKImage.framework */; };
		16ED599F1E938D0D009D1036 /* AdobeCreativeSDKImage.framework in Embed Frameworks */ = {isa = PBXBuildFile; fileRef = 16ED59991E938CE2009D1036 /* AdobeCreativeSDKImage.framework */; settings = {ATTRIBUTES = (CodeSignOnCopy, RemoveHeadersOnCopy, ); }; };
		16ED59A21E938D7A009D1036 /* libc++.tbd in Frameworks */ = {isa = PBXBuildFile; fileRef = 16ED59A11E938D7A009D1036 /* libc++.tbd */; };
		16ED59A41E938D8D009D1036 /* libz.tbd in Frameworks */ = {isa = PBXBuildFile; fileRef = 16ED59A31E938D8D009D1036 /* libz.tbd */; };
		16ED59A61E938D9B009D1036 /* libz.1.2.5.tbd in Frameworks */ = {isa = PBXBuildFile; fileRef = 16ED59A51E938D9B009D1036 /* libz.1.2.5.tbd */; };
		16ED59A81E938DA9009D1036 /* libsqlite3.0.tbd in Frameworks */ = {isa = PBXBuildFile; fileRef = 16ED59A71E938DA9009D1036 /* libsqlite3.0.tbd */; };
		16ED59AA1E938DB2009D1036 /* MobileCoreServices.framework in Frameworks */ = {isa = PBXBuildFile; fileRef = 16ED59A91E938DB2009D1036 /* MobileCoreServices.framework */; };
		16ED59AC1E938DBC009D1036 /* SystemConfiguration.framework in Frameworks */ = {isa = PBXBuildFile; fileRef = 16ED59AB1E938DBC009D1036 /* SystemConfiguration.framework */; };
		16ED59AE1E938DC6009D1036 /* Accelerate.framework in Frameworks */ = {isa = PBXBuildFile; fileRef = 16ED59AD1E938DC6009D1036 /* Accelerate.framework */; };
		16ED59B01E938DD0009D1036 /* CoreData.framework in Frameworks */ = {isa = PBXBuildFile; fileRef = 16ED59AF1E938DD0009D1036 /* CoreData.framework */; };
		16ED59B21E938DDA009D1036 /* MessageUI.framework in Frameworks */ = {isa = PBXBuildFile; fileRef = 16ED59B11E938DDA009D1036 /* MessageUI.framework */; };
		16ED59B41E938DE3009D1036 /* OpenGLES.framework in Frameworks */ = {isa = PBXBuildFile; fileRef = 16ED59B31E938DE3009D1036 /* OpenGLES.framework */; };
		16ED59B61E938DED009D1036 /* QuartzCore.framework in Frameworks */ = {isa = PBXBuildFile; fileRef = 16ED59B51E938DED009D1036 /* QuartzCore.framework */; };
		16ED59BB1E939B7C009D1036 /* Const.swift in Sources */ = {isa = PBXBuildFile; fileRef = 16ED59BA1E939B7C009D1036 /* Const.swift */; };
		16ED59BD1E939EA4009D1036 /* PostData.swift in Sources */ = {isa = PBXBuildFile; fileRef = 16ED59BC1E939EA4009D1036 /* PostData.swift */; };
		F6E62ED57BBA71715E6C28E0 /* Pods_Instagram.framework in Frameworks */ = {isa = PBXBuildFile; fileRef = 18F93AF6FE7F3DE0E60430A1 /* Pods_Instagram.framework */; };
/* End PBXBuildFile section */

/* Begin PBXCopyFilesBuildPhase section */
		16ED59A01E938D0E009D1036 /* Embed Frameworks */ = {
			isa = PBXCopyFilesBuildPhase;
			buildActionMask = 2147483647;
			dstPath = "";
			dstSubfolderSpec = 10;
			files = (
				16ED599F1E938D0D009D1036 /* AdobeCreativeSDKImage.framework in Embed Frameworks */,
				16ED599D1E938D0D009D1036 /* AdobeCreativeSDKCore.framework in Embed Frameworks */,
			);
			name = "Embed Frameworks";
			runOnlyForDeploymentPostprocessing = 0;
		};
/* End PBXCopyFilesBuildPhase section */

/* Begin PBXFileReference section */
		161BB19B1E923E9B00EA9682 /* Instagram.app */ = {isa = PBXFileReference; explicitFileType = wrapper.application; includeInIndex = 0; path = Instagram.app; sourceTree = BUILT_PRODUCTS_DIR; };
		161BB19E1E923E9B00EA9682 /* AppDelegate.swift */ = {isa = PBXFileReference; lastKnownFileType = sourcecode.swift; path = AppDelegate.swift; sourceTree = "<group>"; };
		161BB1A01E923E9B00EA9682 /* ViewController.swift */ = {isa = PBXFileReference; lastKnownFileType = sourcecode.swift; path = ViewController.swift; sourceTree = "<group>"; };
		161BB1A31E923E9B00EA9682 /* Base */ = {isa = PBXFileReference; lastKnownFileType = file.storyboard; name = Base; path = Base.lproj/Main.storyboard; sourceTree = "<group>"; };
		161BB1A51E923E9B00EA9682 /* Assets.xcassets */ = {isa = PBXFileReference; lastKnownFileType = folder.assetcatalog; path = Assets.xcassets; sourceTree = "<group>"; };
		161BB1A81E923E9C00EA9682 /* Base */ = {isa = PBXFileReference; lastKnownFileType = file.storyboard; name = Base; path = Base.lproj/LaunchScreen.storyboard; sourceTree = "<group>"; };
		161BB1AA1E923E9C00EA9682 /* Info.plist */ = {isa = PBXFileReference; lastKnownFileType = text.plist.xml; path = Info.plist; sourceTree = "<group>"; };
		161BB1B01E92401A00EA9682 /* LoginViewController.swift */ = {isa = PBXFileReference; fileEncoding = 4; lastKnownFileType = sourcecode.swift; path = LoginViewController.swift; sourceTree = "<group>"; };
		161BB1B21E92403E00EA9682 /* HomeViewController.swift */ = {isa = PBXFileReference; fileEncoding = 4; lastKnownFileType = sourcecode.swift; path = HomeViewController.swift; sourceTree = "<group>"; };
		161BB1B41E92406700EA9682 /* ImageSelectViewController.swift */ = {isa = PBXFileReference; fileEncoding = 4; lastKnownFileType = sourcecode.swift; path = ImageSelectViewController.swift; sourceTree = "<group>"; };
		161BB1B61E92407C00EA9682 /* PostViewController.swift */ = {isa = PBXFileReference; fileEncoding = 4; lastKnownFileType = sourcecode.swift; path = PostViewController.swift; sourceTree = "<group>"; };
		161BB1B81E92408B00EA9682 /* SettingViewController.swift */ = {isa = PBXFileReference; fileEncoding = 4; lastKnownFileType = sourcecode.swift; path = SettingViewController.swift; sourceTree = "<group>"; };
		16293EE51E95EBD3006C8D49 /* PostTableViewCell.swift */ = {isa = PBXFileReference; fileEncoding = 4; lastKnownFileType = sourcecode.swift; name = PostTableViewCell.swift; path = ../PostTableViewCell.swift; sourceTree = "<group>"; };
		16293EE61E95EBD3006C8D49 /* PostTableViewCell.xib */ = {isa = PBXFileReference; fileEncoding = 4; lastKnownFileType = file.xib; name = PostTableViewCell.xib; path = ../PostTableViewCell.xib; sourceTree = "<group>"; };
		16C932CD1E9E39CB00893703 /* Instagram-Bridging-Header.h */ = {isa = PBXFileReference; fileEncoding = 4; lastKnownFileType = sourcecode.c.h; path = "Instagram-Bridging-Header.h"; sourceTree = "<group>"; };
		16CCF0CD1E9274D2001D6081 /* GoogleService-Info.plist */ = {isa = PBXFileReference; fileEncoding = 4; lastKnownFileType = text.plist.xml; path = "GoogleService-Info.plist"; sourceTree = "<group>"; };
		16ED59981E938CE2009D1036 /* AdobeCreativeSDKCore.framework */ = {isa = PBXFileReference; lastKnownFileType = wrapper.framework; path = AdobeCreativeSDKCore.framework; sourceTree = "<group>"; };
		16ED59991E938CE2009D1036 /* AdobeCreativeSDKImage.framework */ = {isa = PBXFileReference; lastKnownFileType = wrapper.framework; path = AdobeCreativeSDKImage.framework; sourceTree = "<group>"; };
		16ED59A11E938D7A009D1036 /* libc++.tbd */ = {isa = PBXFileReference; lastKnownFileType = "sourcecode.text-based-dylib-definition"; name = "libc++.tbd"; path = "usr/lib/libc++.tbd"; sourceTree = SDKROOT; };
		16ED59A31E938D8D009D1036 /* libz.tbd */ = {isa = PBXFileReference; lastKnownFileType = "sourcecode.text-based-dylib-definition"; name = libz.tbd; path = usr/lib/libz.tbd; sourceTree = SDKROOT; };
		16ED59A51E938D9B009D1036 /* libz.1.2.5.tbd */ = {isa = PBXFileReference; lastKnownFileType = "sourcecode.text-based-dylib-definition"; name = libz.1.2.5.tbd; path = usr/lib/libz.1.2.5.tbd; sourceTree = SDKROOT; };
		16ED59A71E938DA9009D1036 /* libsqlite3.0.tbd */ = {isa = PBXFileReference; lastKnownFileType = "sourcecode.text-based-dylib-definition"; name = libsqlite3.0.tbd; path = usr/lib/libsqlite3.0.tbd; sourceTree = SDKROOT; };
		16ED59A91E938DB2009D1036 /* MobileCoreServices.framework */ = {isa = PBXFileReference; lastKnownFileType = wrapper.framework; name = MobileCoreServices.framework; path = System/Library/Frameworks/MobileCoreServices.framework; sourceTree = SDKROOT; };
		16ED59AB1E938DBC009D1036 /* SystemConfiguration.framework */ = {isa = PBXFileReference; lastKnownFileType = wrapper.framework; name = SystemConfiguration.framework; path = System/Library/Frameworks/SystemConfiguration.framework; sourceTree = SDKROOT; };
		16ED59AD1E938DC6009D1036 /* Accelerate.framework */ = {isa = PBXFileReference; lastKnownFileType = wrapper.framework; name = Accelerate.framework; path = System/Library/Frameworks/Accelerate.framework; sourceTree = SDKROOT; };
		16ED59AF1E938DD0009D1036 /* CoreData.framework */ = {isa = PBXFileReference; lastKnownFileType = wrapper.framework; name = CoreData.framework; path = System/Library/Frameworks/CoreData.framework; sourceTree = SDKROOT; };
		16ED59B11E938DDA009D1036 /* MessageUI.framework */ = {isa = PBXFileReference; lastKnownFileType = wrapper.framework; name = MessageUI.framework; path = System/Library/Frameworks/MessageUI.framework; sourceTree = SDKROOT; };
		16ED59B31E938DE3009D1036 /* OpenGLES.framework */ = {isa = PBXFileReference; lastKnownFileType = wrapper.framework; name = OpenGLES.framework; path = System/Library/Frameworks/OpenGLES.framework; sourceTree = SDKROOT; };
		16ED59B51E938DED009D1036 /* QuartzCore.framework */ = {isa = PBXFileReference; lastKnownFileType = wrapper.framework; name = QuartzCore.framework; path = System/Library/Frameworks/QuartzCore.framework; sourceTree = SDKROOT; };
		16ED59BA1E939B7C009D1036 /* Const.swift */ = {isa = PBXFileReference; fileEncoding = 4; lastKnownFileType = sourcecode.swift; path = Const.swift; sourceTree = "<group>"; };
		16ED59BC1E939EA4009D1036 /* PostData.swift */ = {isa = PBXFileReference; fileEncoding = 4; lastKnownFileType = sourcecode.swift; path = PostData.swift; sourceTree = "<group>"; };
		18F93AF6FE7F3DE0E60430A1 /* Pods_Instagram.framework */ = {isa = PBXFileReference; explicitFileType = wrapper.framework; includeInIndex = 0; path = Pods_Instagram.framework; sourceTree = BUILT_PRODUCTS_DIR; };
		27E9086838BE198A101B4CFB /* Pods-Instagram.debug.xcconfig */ = {isa = PBXFileReference; includeInIndex = 1; lastKnownFileType = text.xcconfig; name = "Pods-Instagram.debug.xcconfig"; path = "Pods/Target Support Files/Pods-Instagram/Pods-Instagram.debug.xcconfig"; sourceTree = "<group>"; };
		F420F3F0D9C664144E5F42FF /* Pods-Instagram.release.xcconfig */ = {isa = PBXFileReference; includeInIndex = 1; lastKnownFileType = text.xcconfig; name = "Pods-Instagram.release.xcconfig"; path = "Pods/Target Support Files/Pods-Instagram/Pods-Instagram.release.xcconfig"; sourceTree = "<group>"; };
/* End PBXFileReference section */

/* Begin PBXFrameworksBuildPhase section */
		161BB1981E923E9B00EA9682 /* Frameworks */ = {
			isa = PBXFrameworksBuildPhase;
			buildActionMask = 2147483647;
			files = (
				16ED59B61E938DED009D1036 /* QuartzCore.framework in Frameworks */,
				16ED59B41E938DE3009D1036 /* OpenGLES.framework in Frameworks */,
				16ED59B21E938DDA009D1036 /* MessageUI.framework in Frameworks */,
				16ED59B01E938DD0009D1036 /* CoreData.framework in Frameworks */,
				16ED59AE1E938DC6009D1036 /* Accelerate.framework in Frameworks */,
				16ED59AC1E938DBC009D1036 /* SystemConfiguration.framework in Frameworks */,
				16ED59AA1E938DB2009D1036 /* MobileCoreServices.framework in Frameworks */,
				16ED59A81E938DA9009D1036 /* libsqlite3.0.tbd in Frameworks */,
				16ED59A61E938D9B009D1036 /* libz.1.2.5.tbd in Frameworks */,
				16ED59A41E938D8D009D1036 /* libz.tbd in Frameworks */,
				16ED59A21E938D7A009D1036 /* libc++.tbd in Frameworks */,
				F6E62ED57BBA71715E6C28E0 /* Pods_Instagram.framework in Frameworks */,
				16ED599A1E938CE2009D1036 /* AdobeCreativeSDKCore.framework in Frameworks */,
				16ED599E1E938D0D009D1036 /* AdobeCreativeSDKImage.framework in Frameworks */,
			);
			runOnlyForDeploymentPostprocessing = 0;
		};
/* End PBXFrameworksBuildPhase section */

/* Begin PBXGroup section */
		161BB1921E923E9B00EA9682 = {
			isa = PBXGroup;
			children = (
				16C932CD1E9E39CB00893703 /* Instagram-Bridging-Header.h */,
				161BB19D1E923E9B00EA9682 /* Instagram */,
				161BB19C1E923E9B00EA9682 /* Products */,
				BA87604AE1B850A04ED6D6A1 /* Pods */,
				9BF9DEDE0492EEA01C452F7B /* Frameworks */,
			);
			sourceTree = "<group>";
		};
		161BB19C1E923E9B00EA9682 /* Products */ = {
			isa = PBXGroup;
			children = (
				161BB19B1E923E9B00EA9682 /* Instagram.app */,
			);
			name = Products;
			sourceTree = "<group>";
		};
		161BB19D1E923E9B00EA9682 /* Instagram */ = {
			isa = PBXGroup;
			children = (
				161BB19E1E923E9B00EA9682 /* AppDelegate.swift */,
				161BB1A01E923E9B00EA9682 /* ViewController.swift */,
				161BB1B01E92401A00EA9682 /* LoginViewController.swift */,
				161BB1B21E92403E00EA9682 /* HomeViewController.swift */,
				161BB1B41E92406700EA9682 /* ImageSelectViewController.swift */,
				161BB1B61E92407C00EA9682 /* PostViewController.swift */,
				161BB1B81E92408B00EA9682 /* SettingViewController.swift */,
				161BB1A21E923E9B00EA9682 /* Main.storyboard */,
				16ED59BC1E939EA4009D1036 /* PostData.swift */,
				16ED59BA1E939B7C009D1036 /* Const.swift */,
				16293EE51E95EBD3006C8D49 /* PostTableViewCell.swift */,
				16293EE61E95EBD3006C8D49 /* PostTableViewCell.xib */,
				161BB1A51E923E9B00EA9682 /* Assets.xcassets */,
				161BB1A71E923E9C00EA9682 /* LaunchScreen.storyboard */,
				16CCF0CD1E9274D2001D6081 /* GoogleService-Info.plist */,
				161BB1AA1E923E9C00EA9682 /* Info.plist */,
				16ED59981E938CE2009D1036 /* AdobeCreativeSDKCore.framework */,
				16ED59991E938CE2009D1036 /* AdobeCreativeSDKImage.framework */,
			);
			path = Instagram;
			sourceTree = "<group>";
		};
		9BF9DEDE0492EEA01C452F7B /* Frameworks */ = {
			isa = PBXGroup;
			children = (
				16ED59B51E938DED009D1036 /* QuartzCore.framework */,
				16ED59B31E938DE3009D1036 /* OpenGLES.framework */,
				16ED59B11E938DDA009D1036 /* MessageUI.framework */,
				16ED59AF1E938DD0009D1036 /* CoreData.framework */,
				16ED59AD1E938DC6009D1036 /* Accelerate.framework */,
				16ED59AB1E938DBC009D1036 /* SystemConfiguration.framework */,
				16ED59A91E938DB2009D1036 /* MobileCoreServices.framework */,
				16ED59A71E938DA9009D1036 /* libsqlite3.0.tbd */,
				16ED59A51E938D9B009D1036 /* libz.1.2.5.tbd */,
				16ED59A31E938D8D009D1036 /* libz.tbd */,
				16ED59A11E938D7A009D1036 /* libc++.tbd */,
				18F93AF6FE7F3DE0E60430A1 /* Pods_Instagram.framework */,
			);
			name = Frameworks;
			sourceTree = "<group>";
		};
		BA87604AE1B850A04ED6D6A1 /* Pods */ = {
			isa = PBXGroup;
			children = (
				27E9086838BE198A101B4CFB /* Pods-Instagram.debug.xcconfig */,
				F420F3F0D9C664144E5F42FF /* Pods-Instagram.release.xcconfig */,
			);
			name = Pods;
			sourceTree = "<group>";
		};
/* End PBXGroup section */

/* Begin PBXNativeTarget section */
		161BB19A1E923E9B00EA9682 /* Instagram */ = {
			isa = PBXNativeTarget;
			buildConfigurationList = 161BB1AD1E923E9C00EA9682 /* Build configuration list for PBXNativeTarget "Instagram" */;
			buildPhases = (
				F4A08CB5A109D1BF3CFDE051 /* [CP] Check Pods Manifest.lock */,
				161BB1971E923E9B00EA9682 /* Sources */,
				161BB1981E923E9B00EA9682 /* Frameworks */,
				161BB1991E923E9B00EA9682 /* Resources */,
				665EE376FEB47CBCD5342BC2 /* [CP] Embed Pods Frameworks */,
				B98FEE95B3BC54C4418A89DE /* [CP] Copy Pods Resources */,
				16ED59A01E938D0E009D1036 /* Embed Frameworks */,
				16ED59B71E938E47009D1036 /* ShellScript */,
			);
			buildRules = (
			);
			dependencies = (
			);
			name = Instagram;
			productName = Instagram;
			productReference = 161BB19B1E923E9B00EA9682 /* Instagram.app */;
			productType = "com.apple.product-type.application";
		};
/* End PBXNativeTarget section */

/* Begin PBXProject section */
		161BB1931E923E9B00EA9682 /* Project object */ = {
			isa = PBXProject;
			attributes = {
				LastSwiftUpdateCheck = 0830;
				LastUpgradeCheck = 0830;
				ORGANIZATIONNAME = GitHubhiganot;
				TargetAttributes = {
					161BB19A1E923E9B00EA9682 = {
						CreatedOnToolsVersion = 8.3;
						ProvisioningStyle = Automatic;
					};
				};
			};
			buildConfigurationList = 161BB1961E923E9B00EA9682 /* Build configuration list for PBXProject "Instagram" */;
			compatibilityVersion = "Xcode 3.2";
			developmentRegion = English;
			hasScannedForEncodings = 0;
			knownRegions = (
				en,
				Base,
			);
			mainGroup = 161BB1921E923E9B00EA9682;
			productRefGroup = 161BB19C1E923E9B00EA9682 /* Products */;
			projectDirPath = "";
			projectRoot = "";
			targets = (
				161BB19A1E923E9B00EA9682 /* Instagram */,
			);
		};
/* End PBXProject section */

/* Begin PBXResourcesBuildPhase section */
		161BB1991E923E9B00EA9682 /* Resources */ = {
			isa = PBXResourcesBuildPhase;
			buildActionMask = 2147483647;
			files = (
				161BB1A91E923E9C00EA9682 /* LaunchScreen.storyboard in Resources */,
				16293EE81E95EBD3006C8D49 /* PostTableViewCell.xib in Resources */,
				16CCF0CE1E9274D2001D6081 /* GoogleService-Info.plist in Resources */,
				161BB1A61E923E9B00EA9682 /* Assets.xcassets in Resources */,
				161BB1A41E923E9B00EA9682 /* Main.storyboard in Resources */,
			);
			runOnlyForDeploymentPostprocessing = 0;
		};
/* End PBXResourcesBuildPhase section */

/* Begin PBXShellScriptBuildPhase section */
		16ED59B71E938E47009D1036 /* ShellScript */ = {
			isa = PBXShellScriptBuildPhase;
			buildActionMask = 2147483647;
			files = (
			);
			inputPaths = (
			);
			outputPaths = (
			);
			runOnlyForDeploymentPostprocessing = 0;
			shellPath = /bin/sh;
			shellScript = "bash \"${BUILT_PRODUCTS_DIR}/${FRAMEWORKS_FOLDER_PATH}/AdobeCreativeSDKCore.framework/strip-frameworks.sh\"";
		};
		665EE376FEB47CBCD5342BC2 /* [CP] Embed Pods Frameworks */ = {
			isa = PBXShellScriptBuildPhase;
			buildActionMask = 2147483647;
			files = (
			);
			inputPaths = (
			);
			name = "[CP] Embed Pods Frameworks";
			outputPaths = (
			);
			runOnlyForDeploymentPostprocessing = 0;
			shellPath = /bin/sh;
			shellScript = "\"${SRCROOT}/Pods/Target Support Files/Pods-Instagram/Pods-Instagram-frameworks.sh\"\n";
			showEnvVarsInLog = 0;
		};
		B98FEE95B3BC54C4418A89DE /* [CP] Copy Pods Resources */ = {
			isa = PBXShellScriptBuildPhase;
			buildActionMask = 2147483647;
			files = (
			);
			inputPaths = (
			);
			name = "[CP] Copy Pods Resources";
			outputPaths = (
			);
			runOnlyForDeploymentPostprocessing = 0;
			shellPath = /bin/sh;
			shellScript = "\"${SRCROOT}/Pods/Target Support Files/Pods-Instagram/Pods-Instagram-resources.sh\"\n";
			showEnvVarsInLog = 0;
		};
		F4A08CB5A109D1BF3CFDE051 /* [CP] Check Pods Manifest.lock */ = {
			isa = PBXShellScriptBuildPhase;
			buildActionMask = 2147483647;
			files = (
			);
			inputPaths = (
			);
			name = "[CP] Check Pods Manifest.lock";
			outputPaths = (
			);
			runOnlyForDeploymentPostprocessing = 0;
			shellPath = /bin/sh;
			shellScript = "diff \"${PODS_ROOT}/../Podfile.lock\" \"${PODS_ROOT}/Manifest.lock\" > /dev/null\nif [ $? != 0 ] ; then\n    # print error to STDERR\n    echo \"error: The sandbox is not in sync with the Podfile.lock. Run 'pod install' or update your CocoaPods installation.\" >&2\n    exit 1\nfi\n";
			showEnvVarsInLog = 0;
		};
/* End PBXShellScriptBuildPhase section */

/* Begin PBXSourcesBuildPhase section */
		161BB1971E923E9B00EA9682 /* Sources */ = {
			isa = PBXSourcesBuildPhase;
			buildActionMask = 2147483647;
			files = (
				161BB1B71E92407C00EA9682 /* PostViewController.swift in Sources */,
				16ED59BD1E939EA4009D1036 /* PostData.swift in Sources */,
				161BB1B11E92401A00EA9682 /* LoginViewController.swift in Sources */,
				161BB1A11E923E9B00EA9682 /* ViewController.swift in Sources */,
				161BB19F1E923E9B00EA9682 /* AppDelegate.swift in Sources */,
				161BB1B51E92406700EA9682 /* ImageSelectViewController.swift in Sources */,
				16ED59BB1E939B7C009D1036 /* Const.swift in Sources */,
				16293EE71E95EBD3006C8D49 /* PostTableViewCell.swift in Sources */,
				161BB1B91E92408B00EA9682 /* SettingViewController.swift in Sources */,
				161BB1B31E92403E00EA9682 /* HomeViewController.swift in Sources */,
			);
			runOnlyForDeploymentPostprocessing = 0;
		};
/* End PBXSourcesBuildPhase section */

/* Begin PBXVariantGroup section */
		161BB1A21E923E9B00EA9682 /* Main.storyboard */ = {
			isa = PBXVariantGroup;
			children = (
				161BB1A31E923E9B00EA9682 /* Base */,
			);
			name = Main.storyboard;
			sourceTree = "<group>";
		};
		161BB1A71E923E9C00EA9682 /* LaunchScreen.storyboard */ = {
			isa = PBXVariantGroup;
			children = (
				161BB1A81E923E9C00EA9682 /* Base */,
			);
			name = LaunchScreen.storyboard;
			sourceTree = "<group>";
		};
/* End PBXVariantGroup section */

/* Begin XCBuildConfiguration section */
		161BB1AB1E923E9C00EA9682 /* Debug */ = {
			isa = XCBuildConfiguration;
			buildSettings = {
				ALWAYS_SEARCH_USER_PATHS = NO;
				CLANG_ANALYZER_NONNULL = YES;
				CLANG_ANALYZER_NUMBER_OBJECT_CONVERSION = YES_AGGRESSIVE;
				CLANG_CXX_LANGUAGE_STANDARD = "gnu++0x";
				CLANG_CXX_LIBRARY = "libc++";
				CLANG_ENABLE_MODULES = YES;
				CLANG_ENABLE_OBJC_ARC = YES;
				CLANG_WARN_BOOL_CONVERSION = YES;
				CLANG_WARN_CONSTANT_CONVERSION = YES;
				CLANG_WARN_DIRECT_OBJC_ISA_USAGE = YES_ERROR;
				CLANG_WARN_DOCUMENTATION_COMMENTS = YES;
				CLANG_WARN_EMPTY_BODY = YES;
				CLANG_WARN_ENUM_CONVERSION = YES;
				CLANG_WARN_INFINITE_RECURSION = YES;
				CLANG_WARN_INT_CONVERSION = YES;
				CLANG_WARN_OBJC_ROOT_CLASS = YES_ERROR;
				CLANG_WARN_SUSPICIOUS_MOVE = YES;
				CLANG_WARN_UNREACHABLE_CODE = YES;
				CLANG_WARN__DUPLICATE_METHOD_MATCH = YES;
				"CODE_SIGN_IDENTITY[sdk=iphoneos*]" = "iPhone Developer";
				COPY_PHASE_STRIP = NO;
				DEBUG_INFORMATION_FORMAT = dwarf;
				ENABLE_STRICT_OBJC_MSGSEND = YES;
				ENABLE_TESTABILITY = YES;
				GCC_C_LANGUAGE_STANDARD = gnu99;
				GCC_DYNAMIC_NO_PIC = NO;
				GCC_NO_COMMON_BLOCKS = YES;
				GCC_OPTIMIZATION_LEVEL = 0;
				GCC_PREPROCESSOR_DEFINITIONS = (
					"DEBUG=1",
					"$(inherited)",
				);
				GCC_WARN_64_TO_32_BIT_CONVERSION = YES;
				GCC_WARN_ABOUT_RETURN_TYPE = YES_ERROR;
				GCC_WARN_UNDECLARED_SELECTOR = YES;
				GCC_WARN_UNINITIALIZED_AUTOS = YES_AGGRESSIVE;
				GCC_WARN_UNUSED_FUNCTION = YES;
				GCC_WARN_UNUSED_VARIABLE = YES;
				IPHONEOS_DEPLOYMENT_TARGET = 10.3;
				MTL_ENABLE_DEBUG_INFO = YES;
				ONLY_ACTIVE_ARCH = YES;
				SDKROOT = iphoneos;
				SWIFT_ACTIVE_COMPILATION_CONDITIONS = DEBUG;
				SWIFT_OPTIMIZATION_LEVEL = "-Onone";
			};
			name = Debug;
		};
		161BB1AC1E923E9C00EA9682 /* Release */ = {
			isa = XCBuildConfiguration;
			buildSettings = {
				ALWAYS_SEARCH_USER_PATHS = NO;
				CLANG_ANALYZER_NONNULL = YES;
				CLANG_ANALYZER_NUMBER_OBJECT_CONVERSION = YES_AGGRESSIVE;
				CLANG_CXX_LANGUAGE_STANDARD = "gnu++0x";
				CLANG_CXX_LIBRARY = "libc++";
				CLANG_ENABLE_MODULES = YES;
				CLANG_ENABLE_OBJC_ARC = YES;
				CLANG_WARN_BOOL_CONVERSION = YES;
				CLANG_WARN_CONSTANT_CONVERSION = YES;
				CLANG_WARN_DIRECT_OBJC_ISA_USAGE = YES_ERROR;
				CLANG_WARN_DOCUMENTATION_COMMENTS = YES;
				CLANG_WARN_EMPTY_BODY = YES;
				CLANG_WARN_ENUM_CONVERSION = YES;
				CLANG_WARN_INFINITE_RECURSION = YES;
				CLANG_WARN_INT_CONVERSION = YES;
				CLANG_WARN_OBJC_ROOT_CLASS = YES_ERROR;
				CLANG_WARN_SUSPICIOUS_MOVE = YES;
				CLANG_WARN_UNREACHABLE_CODE = YES;
				CLANG_WARN__DUPLICATE_METHOD_MATCH = YES;
				"CODE_SIGN_IDENTITY[sdk=iphoneos*]" = "iPhone Developer";
				COPY_PHASE_STRIP = NO;
				DEBUG_INFORMATION_FORMAT = "dwarf-with-dsym";
				ENABLE_NS_ASSERTIONS = NO;
				ENABLE_STRICT_OBJC_MSGSEND = YES;
				GCC_C_LANGUAGE_STANDARD = gnu99;
				GCC_NO_COMMON_BLOCKS = YES;
				GCC_WARN_64_TO_32_BIT_CONVERSION = YES;
				GCC_WARN_ABOUT_RETURN_TYPE = YES_ERROR;
				GCC_WARN_UNDECLARED_SELECTOR = YES;
				GCC_WARN_UNINITIALIZED_AUTOS = YES_AGGRESSIVE;
				GCC_WARN_UNUSED_FUNCTION = YES;
				GCC_WARN_UNUSED_VARIABLE = YES;
				IPHONEOS_DEPLOYMENT_TARGET = 10.3;
				MTL_ENABLE_DEBUG_INFO = NO;
				SDKROOT = iphoneos;
				SWIFT_OPTIMIZATION_LEVEL = "-Owholemodule";
				VALIDATE_PRODUCT = YES;
			};
			name = Release;
		};
		161BB1AE1E923E9C00EA9682 /* Debug */ = {
			isa = XCBuildConfiguration;
			baseConfigurationReference = 27E9086838BE198A101B4CFB /* Pods-Instagram.debug.xcconfig */;
			buildSettings = {
				ASSETCATALOG_COMPILER_APPICON_NAME = AppIcon;
				FRAMEWORK_SEARCH_PATHS = (
					"$(inherited)",
					"$(PROJECT_DIR)/Instagram",
				);
				INFOPLIST_FILE = Instagram/Info.plist;
				LD_RUNPATH_SEARCH_PATHS = "$(inherited) @executable_path/Frameworks";
				PRODUCT_BUNDLE_IDENTIFIER = jp.techachademy.GitHubhiganot.Instagram;
				PRODUCT_NAME = "$(TARGET_NAME)";
				SWIFT_OBJC_BRIDGING_HEADER = "Instagram/Instagram-Bridging-Header.h";
				SWIFT_VERSION = 3.0;
			};
			name = Debug;
		};
		161BB1AF1E923E9C00EA9682 /* Release */ = {
			isa = XCBuildConfiguration;
			baseConfigurationReference = F420F3F0D9C664144E5F42FF /* Pods-Instagram.release.xcconfig */;
			buildSettings = {
				ASSETCATALOG_COMPILER_APPICON_NAME = AppIcon;
				FRAMEWORK_SEARCH_PATHS = (
					"$(inherited)",
					"$(PROJECT_DIR)/Instagram",
				);
				INFOPLIST_FILE = Instagram/Info.plist;
				LD_RUNPATH_SEARCH_PATHS = "$(inherited) @executable_path/Frameworks";
				PRODUCT_BUNDLE_IDENTIFIER = jp.techachademy.GitHubhiganot.Instagram;
				PRODUCT_NAME = "$(TARGET_NAME)";
				SWIFT_OBJC_BRIDGING_HEADER = "Instagram/Instagram-Bridging-Header.h";
				SWIFT_VERSION = 3.0;
			};
			name = Release;
		};
/* End XCBuildConfiguration section */

/* Begin XCConfigurationList section */
		161BB1961E923E9B00EA9682 /* Build configuration list for PBXProject "Instagram" */ = {
			isa = XCConfigurationList;
			buildConfigurations = (
				161BB1AB1E923E9C00EA9682 /* Debug */,
				161BB1AC1E923E9C00EA9682 /* Release */,
			);
			defaultConfigurationIsVisible = 0;
			defaultConfigurationName = Release;
		};
		161BB1AD1E923E9C00EA9682 /* Build configuration list for PBXNativeTarget "Instagram" */ = {
			isa = XCConfigurationList;
			buildConfigurations = (
				161BB1AE1E923E9C00EA9682 /* Debug */,
				161BB1AF1E923E9C00EA9682 /* Release */,
			);
			defaultConfigurationIsVisible = 0;
			defaultConfigurationName = Release;
		};
/* End XCConfigurationList section */
	};
	rootObject = 161BB1931E923E9B00EA9682 /* Project object */;
}
